
Microsoft Visual Studio Solution File, Format Version 12.00
# Visual Studio Version 17
VisualStudioVersion = 17.4.33403.182
MinimumVisualStudioVersion = 10.0.40219.1
Project("{FAE04EC0-301F-11D3-BF4B-00C04F79EFBC}") = "Luza_Project", "Luza_Project\Luza_Project.csproj", "{23DEAF55-1233-4E5A-9975-C2EDEA5CA041}"
EndProject
Global
	GlobalSection(SolutionConfigurationPlatforms) = preSolution
		Debug|Any CPU = Debug|Any CPU
		Release|Any CPU = Release|Any CPU
	EndGlobalSection
	GlobalSection(ProjectConfigurationPlatforms) = postSolution
		{23DEAF55-1233-4E5A-9975-C2EDEA5CA041}.Debug|Any CPU.ActiveCfg = Debug|Any CPU
		{23DEAF55-1233-4E5A-9975-C2EDEA5CA041}.Debug|Any CPU.Build.0 = Debug|Any CPU
		{23DEAF55-1233-4E5A-9975-C2EDEA5CA041}.Release|Any CPU.ActiveCfg = Release|Any CPU
		{23DEAF55-1233-4E5A-9975-C2EDEA5CA041}.Release|Any CPU.Build.0 = Release|Any CPU
	EndGlobalSection
	GlobalSection(SolutionProperties) = preSolution
		HideSolutionNode = FALSE
	EndGlobalSection
	GlobalSection(ExtensibilityGlobals) = postSolution
		SolutionGuid = {5E189344-C3E0-4FCC-A9B0-DBDBFD614CF6}
	EndGlobalSection
EndGlobal
